// !$*UTF8*$!
{
	archiveVersion = 1;
	classes = {
	};
	objectVersion = 46;
	objects = {

/* Begin PBXBuildFile section */
		DB05CF891EE7D52900C8D93E /* AFNetworking in Resources */ = {isa = PBXBuildFile; fileRef = DB05CF881EE7D52900C8D93E /* AFNetworking */; };
		DB05CF8D1EE7D55A00C8D93E /* UIKit+AFNetworking in Resources */ = {isa = PBXBuildFile; fileRef = DB05CF8C1EE7D55A00C8D93E /* UIKit+AFNetworking */; };
		DBB7350E1EDE1AFD00383D6C /* main.m in Sources */ = {isa = PBXBuildFile; fileRef = DBB7350D1EDE1AFD00383D6C /* main.m */; };
		DBB735111EDE1AFD00383D6C /* AppDelegate.m in Sources */ = {isa = PBXBuildFile; fileRef = DBB735101EDE1AFD00383D6C /* AppDelegate.m */; };
		DBB735141EDE1AFD00383D6C /* ViewController.m in Sources */ = {isa = PBXBuildFile; fileRef = DBB735131EDE1AFD00383D6C /* ViewController.m */; };
		DBB735171EDE1AFD00383D6C /* Main.storyboard in Resources */ = {isa = PBXBuildFile; fileRef = DBB735151EDE1AFD00383D6C /* Main.storyboard */; };
		DBB735191EDE1AFD00383D6C /* Assets.xcassets in Resources */ = {isa = PBXBuildFile; fileRef = DBB735181EDE1AFD00383D6C /* Assets.xcassets */; };
		DBB7351C1EDE1AFD00383D6C /* LaunchScreen.storyboard in Resources */ = {isa = PBXBuildFile; fileRef = DBB7351A1EDE1AFD00383D6C /* LaunchScreen.storyboard */; };
		DBB735321EDF4D2400383D6C /* PopularSongsViewController.m in Sources */ = {isa = PBXBuildFile; fileRef = DBB735311EDF4D2400383D6C /* PopularSongsViewController.m */; };
		DBB735351EE5CECB00383D6C /* AVFoundation.framework in Frameworks */ = {isa = PBXBuildFile; fileRef = DBB735341EE5CECB00383D6C /* AVFoundation.framework */; };
		DBB735371EE5CED900383D6C /* SystemConfiguration.framework in Frameworks */ = {isa = PBXBuildFile; fileRef = DBB735361EE5CED900383D6C /* SystemConfiguration.framework */; };
		DBB7353B1EE5D42D00383D6C /* SpotifyAudioPlayback.framework in Frameworks */ = {isa = PBXBuildFile; fileRef = DBB7353A1EE5D42D00383D6C /* SpotifyAudioPlayback.framework */; };
		DBB7353D1EE5D44500383D6C /* SpotifyAuthentication.framework in Frameworks */ = {isa = PBXBuildFile; fileRef = DBB7353C1EE5D44500383D6C /* SpotifyAuthentication.framework */; };
		DBD9B4A81EEA2DA20023F6DB /* SpotifyAPI.m in Sources */ = {isa = PBXBuildFile; fileRef = DBD9B4A71EEA2DA20023F6DB /* SpotifyAPI.m */; };
		DBD9B4AC1EEA65710023F6DB /* ArtistSongsViewController.m in Sources */ = {isa = PBXBuildFile; fileRef = DBD9B4AB1EEA65710023F6DB /* ArtistSongsViewController.m */; };
/* End PBXBuildFile section */

/* Begin PBXFileReference section */
		2424026B7F385114885CDD4F /* Pods-MusicTrends.debug.xcconfig */ = {isa = PBXFileReference; includeInIndex = 1; lastKnownFileType = text.xcconfig; name = "Pods-MusicTrends.debug.xcconfig"; path = "Pods/Target Support Files/Pods-MusicTrends/Pods-MusicTrends.debug.xcconfig"; sourceTree = "<group>"; };
		6E468BE382A7DBEBB854293F /* libPods-MusicTrends.a */ = {isa = PBXFileReference; explicitFileType = archive.ar; includeInIndex = 0; path = "libPods-MusicTrends.a"; sourceTree = BUILT_PRODUCTS_DIR; };
		99C7533EFC888CCF59EADC46 /* Pods-MusicTrends.release.xcconfig */ = {isa = PBXFileReference; includeInIndex = 1; lastKnownFileType = text.xcconfig; name = "Pods-MusicTrends.release.xcconfig"; path = "Pods/Target Support Files/Pods-MusicTrends/Pods-MusicTrends.release.xcconfig"; sourceTree = "<group>"; };
		DB05CF881EE7D52900C8D93E /* AFNetworking */ = {isa = PBXFileReference; lastKnownFileType = folder; name = AFNetworking; path = ../AFNetworking; sourceTree = "<group>"; };
		DB05CF8C1EE7D55A00C8D93E /* UIKit+AFNetworking */ = {isa = PBXFileReference; lastKnownFileType = folder; name = "UIKit+AFNetworking"; path = "../UIKit+AFNetworking"; sourceTree = "<group>"; };
		DBB735091EDE1AFD00383D6C /* MusicTrends.app */ = {isa = PBXFileReference; explicitFileType = wrapper.application; includeInIndex = 0; path = MusicTrends.app; sourceTree = BUILT_PRODUCTS_DIR; };
		DBB7350D1EDE1AFD00383D6C /* main.m */ = {isa = PBXFileReference; lastKnownFileType = sourcecode.c.objc; path = main.m; sourceTree = "<group>"; };
		DBB7350F1EDE1AFD00383D6C /* AppDelegate.h */ = {isa = PBXFileReference; lastKnownFileType = sourcecode.c.h; path = AppDelegate.h; sourceTree = "<group>"; };
		DBB735101EDE1AFD00383D6C /* AppDelegate.m */ = {isa = PBXFileReference; lastKnownFileType = sourcecode.c.objc; path = AppDelegate.m; sourceTree = "<group>"; };
		DBB735121EDE1AFD00383D6C /* ViewController.h */ = {isa = PBXFileReference; lastKnownFileType = sourcecode.c.h; path = ViewController.h; sourceTree = "<group>"; };
		DBB735131EDE1AFD00383D6C /* ViewController.m */ = {isa = PBXFileReference; lastKnownFileType = sourcecode.c.objc; path = ViewController.m; sourceTree = "<group>"; };
		DBB735161EDE1AFD00383D6C /* Base */ = {isa = PBXFileReference; lastKnownFileType = file.storyboard; name = Base; path = Base.lproj/Main.storyboard; sourceTree = "<group>"; };
		DBB735181EDE1AFD00383D6C /* Assets.xcassets */ = {isa = PBXFileReference; lastKnownFileType = folder.assetcatalog; path = Assets.xcassets; sourceTree = "<group>"; };
		DBB7351B1EDE1AFD00383D6C /* Base */ = {isa = PBXFileReference; lastKnownFileType = file.storyboard; name = Base; path = Base.lproj/LaunchScreen.storyboard; sourceTree = "<group>"; };
		DBB7351D1EDE1AFD00383D6C /* Info.plist */ = {isa = PBXFileReference; lastKnownFileType = text.plist.xml; path = Info.plist; sourceTree = "<group>"; };
		DBB735301EDF4D2400383D6C /* PopularSongsViewController.h */ = {isa = PBXFileReference; fileEncoding = 4; lastKnownFileType = sourcecode.c.h; path = PopularSongsViewController.h; sourceTree = "<group>"; };
		DBB735311EDF4D2400383D6C /* PopularSongsViewController.m */ = {isa = PBXFileReference; fileEncoding = 4; lastKnownFileType = sourcecode.c.objc; path = PopularSongsViewController.m; sourceTree = "<group>"; };
		DBB735341EE5CECB00383D6C /* AVFoundation.framework */ = {isa = PBXFileReference; lastKnownFileType = wrapper.framework; name = AVFoundation.framework; path = System/Library/Frameworks/AVFoundation.framework; sourceTree = SDKROOT; };
		DBB735361EE5CED900383D6C /* SystemConfiguration.framework */ = {isa = PBXFileReference; lastKnownFileType = wrapper.framework; name = SystemConfiguration.framework; path = System/Library/Frameworks/SystemConfiguration.framework; sourceTree = SDKROOT; };
		DBB7353A1EE5D42D00383D6C /* SpotifyAudioPlayback.framework */ = {isa = PBXFileReference; lastKnownFileType = wrapper.framework; path = SpotifyAudioPlayback.framework; sourceTree = "<group>"; };
		DBB7353C1EE5D44500383D6C /* SpotifyAuthentication.framework */ = {isa = PBXFileReference; lastKnownFileType = wrapper.framework; path = SpotifyAuthentication.framework; sourceTree = "<group>"; };
		DBD9B4A61EEA2DA20023F6DB /* SpotifyAPI.h */ = {isa = PBXFileReference; fileEncoding = 4; lastKnownFileType = sourcecode.c.h; path = SpotifyAPI.h; sourceTree = "<group>"; };
		DBD9B4A71EEA2DA20023F6DB /* SpotifyAPI.m */ = {isa = PBXFileReference; fileEncoding = 4; lastKnownFileType = sourcecode.c.objc; path = SpotifyAPI.m; sourceTree = "<group>"; };
		DBD9B4AA1EEA65710023F6DB /* ArtistSongsViewController.h */ = {isa = PBXFileReference; fileEncoding = 4; lastKnownFileType = sourcecode.c.h; path = ArtistSongsViewController.h; sourceTree = "<group>"; };
		DBD9B4AB1EEA65710023F6DB /* ArtistSongsViewController.m */ = {isa = PBXFileReference; fileEncoding = 4; lastKnownFileType = sourcecode.c.objc; path = ArtistSongsViewController.m; sourceTree = "<group>"; };
/* End PBXFileReference section */

/* Begin PBXFrameworksBuildPhase section */
		DBB735061EDE1AFD00383D6C /* Frameworks */ = {
			isa = PBXFrameworksBuildPhase;
			buildActionMask = 2147483647;
			files = (
				DBB735371EE5CED900383D6C /* SystemConfiguration.framework in Frameworks */,
				DBB7353D1EE5D44500383D6C /* SpotifyAuthentication.framework in Frameworks */,
				DBB735351EE5CECB00383D6C /* AVFoundation.framework in Frameworks */,
				DBB7353B1EE5D42D00383D6C /* SpotifyAudioPlayback.framework in Frameworks */,
			);
			runOnlyForDeploymentPostprocessing = 0;
		};
/* End PBXFrameworksBuildPhase section */

/* Begin PBXGroup section */
		DBB735001EDE1AFD00383D6C = {
			isa = PBXGroup;
			children = (
				DBB7350B1EDE1AFD00383D6C /* MusicTrends */,
				DBB7350A1EDE1AFD00383D6C /* Products */,
				DBB735331EE5CECB00383D6C /* Frameworks */,
				FC870EA24DC130D86A34E37E /* Pods */,
			);
			sourceTree = "<group>";
		};
		DBB7350A1EDE1AFD00383D6C /* Products */ = {
			isa = PBXGroup;
			children = (
				DBB735091EDE1AFD00383D6C /* MusicTrends.app */,
			);
			name = Products;
			sourceTree = "<group>";
		};
		DBB7350B1EDE1AFD00383D6C /* MusicTrends */ = {
			isa = PBXGroup;
			children = (
				DB05CF881EE7D52900C8D93E /* AFNetworking */,
				DB05CF8C1EE7D55A00C8D93E /* UIKit+AFNetworking */,
				DBB735231EDF3ADE00383D6C /* Model */,
				DBB735241EDF3AF900383D6C /* View */,
				DBB735251EDF3B0500383D6C /* Controller */,
				DBB7351D1EDE1AFD00383D6C /* Info.plist */,
				DBB7350C1EDE1AFD00383D6C /* Supporting Files */,
			);
			path = MusicTrends;
			sourceTree = "<group>";
		};
		DBB7350C1EDE1AFD00383D6C /* Supporting Files */ = {
			isa = PBXGroup;
			children = (
				DBB7350D1EDE1AFD00383D6C /* main.m */,
			);
			name = "Supporting Files";
			sourceTree = "<group>";
		};
		DBB735231EDF3ADE00383D6C /* Model */ = {
			isa = PBXGroup;
			children = (
				DBD9B4A61EEA2DA20023F6DB /* SpotifyAPI.h */,
				DBD9B4A71EEA2DA20023F6DB /* SpotifyAPI.m */,
				DBB7350F1EDE1AFD00383D6C /* AppDelegate.h */,
				DBB735101EDE1AFD00383D6C /* AppDelegate.m */,
			);
			name = Model;
			sourceTree = "<group>";
		};
		DBB735241EDF3AF900383D6C /* View */ = {
			isa = PBXGroup;
			children = (
				DBB735151EDE1AFD00383D6C /* Main.storyboard */,
				DBB735181EDE1AFD00383D6C /* Assets.xcassets */,
				DBB7351A1EDE1AFD00383D6C /* LaunchScreen.storyboard */,
			);
			name = View;
			sourceTree = "<group>";
		};
		DBB735251EDF3B0500383D6C /* Controller */ = {
			isa = PBXGroup;
			children = (
				DBB735121EDE1AFD00383D6C /* ViewController.h */,
				DBB735131EDE1AFD00383D6C /* ViewController.m */,
				DBB735301EDF4D2400383D6C /* PopularSongsViewController.h */,
				DBB735311EDF4D2400383D6C /* PopularSongsViewController.m */,
				DBD9B4AA1EEA65710023F6DB /* ArtistSongsViewController.h */,
				DBD9B4AB1EEA65710023F6DB /* ArtistSongsViewController.m */,
			);
			name = Controller;
			sourceTree = "<group>";
		};
		DBB735331EE5CECB00383D6C /* Frameworks */ = {
			isa = PBXGroup;
			children = (
				DBB7353C1EE5D44500383D6C /* SpotifyAuthentication.framework */,
				DBB7353A1EE5D42D00383D6C /* SpotifyAudioPlayback.framework */,
				DBB735361EE5CED900383D6C /* SystemConfiguration.framework */,
				DBB735341EE5CECB00383D6C /* AVFoundation.framework */,
				6E468BE382A7DBEBB854293F /* libPods-MusicTrends.a */,
			);
			name = Frameworks;
			sourceTree = "<group>";
		};
		FC870EA24DC130D86A34E37E /* Pods */ = {
			isa = PBXGroup;
			children = (
				2424026B7F385114885CDD4F /* Pods-MusicTrends.debug.xcconfig */,
				99C7533EFC888CCF59EADC46 /* Pods-MusicTrends.release.xcconfig */,
			);
			name = Pods;
			sourceTree = "<group>";
		};
/* End PBXGroup section */

/* Begin PBXNativeTarget section */
		DBB735081EDE1AFD00383D6C /* MusicTrends */ = {
			isa = PBXNativeTarget;
			buildConfigurationList = DBB735201EDE1AFD00383D6C /* Build configuration list for PBXNativeTarget "MusicTrends" */;
			buildPhases = (
				90B893107100134D9DFA8DE6 /* [CP] Check Pods Manifest.lock */,
				DBB735051EDE1AFD00383D6C /* Sources */,
				DBB735061EDE1AFD00383D6C /* Frameworks */,
				DBB735071EDE1AFD00383D6C /* Resources */,
				43CAE7D90D12025A7FEAA3F0 /* [CP] Embed Pods Frameworks */,
				225D0A5A7E3695C24F0B7915 /* [CP] Copy Pods Resources */,
			);
			buildRules = (
			);
			dependencies = (
			);
			name = MusicTrends;
			productName = MusicTrends;
			productReference = DBB735091EDE1AFD00383D6C /* MusicTrends.app */;
			productType = "com.apple.product-type.application";
		};
/* End PBXNativeTarget section */

/* Begin PBXProject section */
		DBB735011EDE1AFD00383D6C /* Project object */ = {
			isa = PBXProject;
			attributes = {
				LastUpgradeCheck = 0830;
				ORGANIZATIONNAME = "Pavel Parkhomey";
				TargetAttributes = {
					DBB735081EDE1AFD00383D6C = {
						CreatedOnToolsVersion = 8.3.2;
						DevelopmentTeam = 6X88V8MC7R;
						ProvisioningStyle = Automatic;
					};
				};
			};
			buildConfigurationList = DBB735041EDE1AFD00383D6C /* Build configuration list for PBXProject "MusicTrends" */;
			compatibilityVersion = "Xcode 3.2";
			developmentRegion = English;
			hasScannedForEncodings = 0;
			knownRegions = (
				en,
				Base,
			);
			mainGroup = DBB735001EDE1AFD00383D6C;
			productRefGroup = DBB7350A1EDE1AFD00383D6C /* Products */;
			projectDirPath = "";
			projectRoot = "";
			targets = (
				DBB735081EDE1AFD00383D6C /* MusicTrends */,
			);
		};
/* End PBXProject section */

/* Begin PBXResourcesBuildPhase section */
		DBB735071EDE1AFD00383D6C /* Resources */ = {
			isa = PBXResourcesBuildPhase;
			buildActionMask = 2147483647;
			files = (
				DBB7351C1EDE1AFD00383D6C /* LaunchScreen.storyboard in Resources */,
				DBB735191EDE1AFD00383D6C /* Assets.xcassets in Resources */,
				DB05CF8D1EE7D55A00C8D93E /* UIKit+AFNetworking in Resources */,
				DBB735171EDE1AFD00383D6C /* Main.storyboard in Resources */,
				DB05CF891EE7D52900C8D93E /* AFNetworking in Resources */,
			);
			runOnlyForDeploymentPostprocessing = 0;
		};
/* End PBXResourcesBuildPhase section */

/* Begin PBXShellScriptBuildPhase section */
		225D0A5A7E3695C24F0B7915 /* [CP] Copy Pods Resources */ = {
			isa = PBXShellScriptBuildPhase;
			buildActionMask = 2147483647;
			files = (
			);
			inputPaths = (
			);
			name = "[CP] Copy Pods Resources";
			outputPaths = (
			);
			runOnlyForDeploymentPostprocessing = 0;
			shellPath = /bin/sh;
			shellScript = "\"${SRCROOT}/Pods/Target Support Files/Pods-MusicTrends/Pods-MusicTrends-resources.sh\"\n";
			showEnvVarsInLog = 0;
		};
		43CAE7D90D12025A7FEAA3F0 /* [CP] Embed Pods Frameworks */ = {
			isa = PBXShellScriptBuildPhase;
			buildActionMask = 2147483647;
			files = (
			);
			inputPaths = (
			);
			name = "[CP] Embed Pods Frameworks";
			outputPaths = (
			);
			runOnlyForDeploymentPostprocessing = 0;
			shellPath = /bin/sh;
			shellScript = "\"${SRCROOT}/Pods/Target Support Files/Pods-MusicTrends/Pods-MusicTrends-frameworks.sh\"\n";
			showEnvVarsInLog = 0;
		};
		90B893107100134D9DFA8DE6 /* [CP] Check Pods Manifest.lock */ = {
			isa = PBXShellScriptBuildPhase;
			buildActionMask = 2147483647;
			files = (
			);
			inputPaths = (
			);
			name = "[CP] Check Pods Manifest.lock";
			outputPaths = (
			);
			runOnlyForDeploymentPostprocessing = 0;
			shellPath = /bin/sh;
			shellScript = "diff \"${PODS_PODFILE_DIR_PATH}/Podfile.lock\" \"${PODS_ROOT}/Manifest.lock\" > /dev/null\nif [ $? != 0 ] ; then\n    # print error to STDERR\n    echo \"error: The sandbox is not in sync with the Podfile.lock. Run 'pod install' or update your CocoaPods installation.\" >&2\n    exit 1\nfi\n";
			showEnvVarsInLog = 0;
		};
/* End PBXShellScriptBuildPhase section */

/* Begin PBXSourcesBuildPhase section */
		DBB735051EDE1AFD00383D6C /* Sources */ = {
			isa = PBXSourcesBuildPhase;
			buildActionMask = 2147483647;
			files = (
				DBB735141EDE1AFD00383D6C /* ViewController.m in Sources */,
				DBB735111EDE1AFD00383D6C /* AppDelegate.m in Sources */,
				DBB7350E1EDE1AFD00383D6C /* main.m in Sources */,
				DBB735321EDF4D2400383D6C /* PopularSongsViewController.m in Sources */,
				DBD9B4AC1EEA65710023F6DB /* ArtistSongsViewController.m in Sources */,
				DBD9B4A81EEA2DA20023F6DB /* SpotifyAPI.m in Sources */,
			);
			runOnlyForDeploymentPostprocessing = 0;
		};
/* End PBXSourcesBuildPhase section */

/* Begin PBXVariantGroup section */
		DBB735151EDE1AFD00383D6C /* Main.storyboard */ = {
			isa = PBXVariantGroup;
			children = (
				DBB735161EDE1AFD00383D6C /* Base */,
			);
			name = Main.storyboard;
			sourceTree = "<group>";
		};
		DBB7351A1EDE1AFD00383D6C /* LaunchScreen.storyboard */ = {
			isa = PBXVariantGroup;
			children = (
				DBB7351B1EDE1AFD00383D6C /* Base */,
			);
			name = LaunchScreen.storyboard;
			sourceTree = "<group>";
		};
/* End PBXVariantGroup section */

/* Begin XCBuildConfiguration section */
		DBB7351E1EDE1AFD00383D6C /* Debug */ = {
			isa = XCBuildConfiguration;
			buildSettings = {
				ALWAYS_SEARCH_USER_PATHS = NO;
				CLANG_ANALYZER_NONNULL = YES;
				CLANG_ANALYZER_NUMBER_OBJECT_CONVERSION = YES_AGGRESSIVE;
				CLANG_CXX_LANGUAGE_STANDARD = "gnu++0x";
				CLANG_CXX_LIBRARY = "libc++";
				CLANG_ENABLE_MODULES = YES;
				CLANG_ENABLE_OBJC_ARC = YES;
				CLANG_WARN_BOOL_CONVERSION = YES;
				CLANG_WARN_CONSTANT_CONVERSION = YES;
				CLANG_WARN_DIRECT_OBJC_ISA_USAGE = YES_ERROR;
				CLANG_WARN_DOCUMENTATION_COMMENTS = YES;
				CLANG_WARN_EMPTY_BODY = YES;
				CLANG_WARN_ENUM_CONVERSION = YES;
				CLANG_WARN_INFINITE_RECURSION = YES;
				CLANG_WARN_INT_CONVERSION = YES;
				CLANG_WARN_OBJC_ROOT_CLASS = YES_ERROR;
				CLANG_WARN_SUSPICIOUS_MOVE = YES;
				CLANG_WARN_UNREACHABLE_CODE = YES;
				CLANG_WARN__DUPLICATE_METHOD_MATCH = YES;
				"CODE_SIGN_IDENTITY[sdk=iphoneos*]" = "iPhone Developer";
				COPY_PHASE_STRIP = NO;
				DEBUG_INFORMATION_FORMAT = dwarf;
				ENABLE_STRICT_OBJC_MSGSEND = YES;
				ENABLE_TESTABILITY = YES;
				GCC_C_LANGUAGE_STANDARD = gnu99;
				GCC_DYNAMIC_NO_PIC = NO;
				GCC_NO_COMMON_BLOCKS = YES;
				GCC_OPTIMIZATION_LEVEL = 0;
				GCC_PREPROCESSOR_DEFINITIONS = (
					"DEBUG=1",
					"$(inherited)",
				);
				GCC_WARN_64_TO_32_BIT_CONVERSION = YES;
				GCC_WARN_ABOUT_RETURN_TYPE = YES_ERROR;
				GCC_WARN_UNDECLARED_SELECTOR = YES;
				GCC_WARN_UNINITIALIZED_AUTOS = YES_AGGRESSIVE;
				GCC_WARN_UNUSED_FUNCTION = YES;
				GCC_WARN_UNUSED_VARIABLE = YES;
				IPHONEOS_DEPLOYMENT_TARGET = 10.3;
				MTL_ENABLE_DEBUG_INFO = YES;
				ONLY_ACTIVE_ARCH = YES;
				SDKROOT = iphoneos;
			};
			name = Debug;
		};
		DBB7351F1EDE1AFD00383D6C /* Release */ = {
			isa = XCBuildConfiguration;
			buildSettings = {
				ALWAYS_SEARCH_USER_PATHS = NO;
				CLANG_ANALYZER_NONNULL = YES;
				CLANG_ANALYZER_NUMBER_OBJECT_CONVERSION = YES_AGGRESSIVE;
				CLANG_CXX_LANGUAGE_STANDARD = "gnu++0x";
				CLANG_CXX_LIBRARY = "libc++";
				CLANG_ENABLE_MODULES = YES;
				CLANG_ENABLE_OBJC_ARC = YES;
				CLANG_WARN_BOOL_CONVERSION = YES;
				CLANG_WARN_CONSTANT_CONVERSION = YES;
				CLANG_WARN_DIRECT_OBJC_ISA_USAGE = YES_ERROR;
				CLANG_WARN_DOCUMENTATION_COMMENTS = YES;
				CLANG_WARN_EMPTY_BODY = YES;
				CLANG_WARN_ENUM_CONVERSION = YES;
				CLANG_WARN_INFINITE_RECURSION = YES;
				CLANG_WARN_INT_CONVERSION = YES;
				CLANG_WARN_OBJC_ROOT_CLASS = YES_ERROR;
				CLANG_WARN_SUSPICIOUS_MOVE = YES;
				CLANG_WARN_UNREACHABLE_CODE = YES;
				CLANG_WARN__DUPLICATE_METHOD_MATCH = YES;
				"CODE_SIGN_IDENTITY[sdk=iphoneos*]" = "iPhone Developer";
				COPY_PHASE_STRIP = NO;
				DEBUG_INFORMATION_FORMAT = "dwarf-with-dsym";
				ENABLE_NS_ASSERTIONS = NO;
				ENABLE_STRICT_OBJC_MSGSEND = YES;
				GCC_C_LANGUAGE_STANDARD = gnu99;
				GCC_NO_COMMON_BLOCKS = YES;
				GCC_WARN_64_TO_32_BIT_CONVERSION = YES;
				GCC_WARN_ABOUT_RETURN_TYPE = YES_ERROR;
				GCC_WARN_UNDECLARED_SELECTOR = YES;
				GCC_WARN_UNINITIALIZED_AUTOS = YES_AGGRESSIVE;
				GCC_WARN_UNUSED_FUNCTION = YES;
				GCC_WARN_UNUSED_VARIABLE = YES;
				IPHONEOS_DEPLOYMENT_TARGET = 10.3;
				MTL_ENABLE_DEBUG_INFO = NO;
				SDKROOT = iphoneos;
				VALIDATE_PRODUCT = YES;
			};
			name = Release;
		};
		DBB735211EDE1AFD00383D6C /* Debug */ = {
			isa = XCBuildConfiguration;
			baseConfigurationReference = 2424026B7F385114885CDD4F /* Pods-MusicTrends.debug.xcconfig */;
			buildSettings = {
				ASSETCATALOG_COMPILER_APPICON_NAME = AppIcon;
				DEVELOPMENT_TEAM = 6X88V8MC7R;
				FRAMEWORK_SEARCH_PATHS = (
					"$(inherited)",
					"$(PROJECT_DIR)",
				);
				INFOPLIST_FILE = MusicTrends/Info.plist;
				LD_RUNPATH_SEARCH_PATHS = "$(inherited) @executable_path/Frameworks";
				OTHER_LDFLAGS = "-ObjC";
				PRODUCT_BUNDLE_IDENTIFIER = com.MyFirstApp.MusicTrends;
				PRODUCT_NAME = "$(TARGET_NAME)";
			};
			name = Debug;
		};
		DBB735221EDE1AFD00383D6C /* Release */ = {
			isa = XCBuildConfiguration;
			baseConfigurationReference = 99C7533EFC888CCF59EADC46 /* Pods-MusicTrends.release.xcconfig */;
			buildSettings = {
				ASSETCATALOG_COMPILER_APPICON_NAME = AppIcon;
				DEVELOPMENT_TEAM = 6X88V8MC7R;
				FRAMEWORK_SEARCH_PATHS = (
					"$(inherited)",
					"$(PROJECT_DIR)",
				);
				INFOPLIST_FILE = MusicTrends/Info.plist;
				LD_RUNPATH_SEARCH_PATHS = "$(inherited) @executable_path/Frameworks";
				OTHER_LDFLAGS = "-ObjC";
				PRODUCT_BUNDLE_IDENTIFIER = com.MyFirstApp.MusicTrends;
				PRODUCT_NAME = "$(TARGET_NAME)";
			};
			name = Release;
		};
/* End XCBuildConfiguration section */

/* Begin XCConfigurationList section */
		DBB735041EDE1AFD00383D6C /* Build configuration list for PBXProject "MusicTrends" */ = {
			isa = XCConfigurationList;
			buildConfigurations = (
				DBB7351E1EDE1AFD00383D6C /* Debug */,
				DBB7351F1EDE1AFD00383D6C /* Release */,
			);
			defaultConfigurationIsVisible = 0;
			defaultConfigurationName = Release;
		};
		DBB735201EDE1AFD00383D6C /* Build configuration list for PBXNativeTarget "MusicTrends" */ = {
			isa = XCConfigurationList;
			buildConfigurations = (
				DBB735211EDE1AFD00383D6C /* Debug */,
				DBB735221EDE1AFD00383D6C /* Release */,
			);
			defaultConfigurationIsVisible = 0;
			defaultConfigurationName = Release;
		};
/* End XCConfigurationList section */
	};
	rootObject = DBB735011EDE1AFD00383D6C /* Project object */;
}
